
Microsoft Visual Studio Solution File, Format Version 12.00
# Visual Studio Version 16
VisualStudioVersion = 16.0.30114.105
MinimumVisualStudioVersion = 10.0.40219.1
Project("{FAE04EC0-301F-11D3-BF4B-00C04F79EFBC}") = "docuPhaseQ1", "docuPhaseQ1\docuPhaseQ1.csproj", "{DCEB8487-B06D-49E0-AE40-E8FED3928E86}"
EndProject
Global
	GlobalSection(SolutionConfigurationPlatforms) = preSolution
		Debug|Any CPU = Debug|Any CPU
		Release|Any CPU = Release|Any CPU
	EndGlobalSection
	GlobalSection(ProjectConfigurationPlatforms) = postSolution
		{DCEB8487-B06D-49E0-AE40-E8FED3928E86}.Debug|Any CPU.ActiveCfg = Debug|Any CPU
		{DCEB8487-B06D-49E0-AE40-E8FED3928E86}.Debug|Any CPU.Build.0 = Debug|Any CPU
		{DCEB8487-B06D-49E0-AE40-E8FED3928E86}.Release|Any CPU.ActiveCfg = Release|Any CPU
		{DCEB8487-B06D-49E0-AE40-E8FED3928E86}.Release|Any CPU.Build.0 = Release|Any CPU
	EndGlobalSection
	GlobalSection(SolutionProperties) = preSolution
		HideSolutionNode = FALSE
	EndGlobalSection
	GlobalSection(ExtensibilityGlobals) = postSolution
		SolutionGuid = {25145CBF-0F4E-4924-809A-A5D7CAE76B29}
	EndGlobalSection
EndGlobal
